// !$*UTF8*$!
{
	archiveVersion = 1;
	classes = {
	};
	objectVersion = 56;
	objects = {

/* Begin PBXBuildFile section */
		7E1C37392C6A2CEB00E857FE /* AppDelegate.swift in Sources */ = {isa = PBXBuildFile; fileRef = 7E1C37382C6A2CEB00E857FE /* AppDelegate.swift */; };
		7E1C373B2C6A2CEB00E857FE /* SceneDelegate.swift in Sources */ = {isa = PBXBuildFile; fileRef = 7E1C373A2C6A2CEB00E857FE /* SceneDelegate.swift */; };
		7E1C373D2C6A2CEB00E857FE /* HomeViewController.swift in Sources */ = {isa = PBXBuildFile; fileRef = 7E1C373C2C6A2CEB00E857FE /* HomeViewController.swift */; };
		7E1C37402C6A2CEB00E857FE /* Base in Resources */ = {isa = PBXBuildFile; fileRef = 7E1C373F2C6A2CEB00E857FE /* Base */; };
		7E1C37422C6A2CED00E857FE /* Assets.xcassets in Resources */ = {isa = PBXBuildFile; fileRef = 7E1C37412C6A2CED00E857FE /* Assets.xcassets */; };
		7E1C37452C6A2CED00E857FE /* Base in Resources */ = {isa = PBXBuildFile; fileRef = 7E1C37442C6A2CED00E857FE /* Base */; };
		7E69CC842C6CEE6A007317A6 /* Alamofire in Frameworks */ = {isa = PBXBuildFile; productRef = 7E69CC832C6CEE6A007317A6 /* Alamofire */; };
		7E69CC882C6CF672007317A6 /* NetworkHelper.swift in Sources */ = {isa = PBXBuildFile; fileRef = 7E69CC872C6CF672007317A6 /* NetworkHelper.swift */; };
		7E69CC8A2C6CF854007317A6 /* Product.swift in Sources */ = {isa = PBXBuildFile; fileRef = 7E69CC892C6CF854007317A6 /* Product.swift */; };
		7E8E35802C6BA0D000F74C43 /* DetailViewController.swift in Sources */ = {isa = PBXBuildFile; fileRef = 7E8E357F2C6BA0D000F74C43 /* DetailViewController.swift */; };
		7EA5A7592C6A320800BC7FF1 /* NetworkManager.swift in Sources */ = {isa = PBXBuildFile; fileRef = 7EA5A7582C6A320800BC7FF1 /* NetworkManager.swift */; };
		7EA5A75B2C6A3B5C00BC7FF1 /* HomeViewController+TableView.swift in Sources */ = {isa = PBXBuildFile; fileRef = 7EA5A75A2C6A3B5C00BC7FF1 /* HomeViewController+TableView.swift */; };
		7EA5A75E2C6A480300BC7FF1 /* ProductTableViewCell.swift in Sources */ = {isa = PBXBuildFile; fileRef = 7EA5A75D2C6A480300BC7FF1 /* ProductTableViewCell.swift */; };
/* End PBXBuildFile section */

/* Begin PBXFileReference section */
		7E1C37352C6A2CEB00E857FE /* shopApp.app */ = {isa = PBXFileReference; explicitFileType = wrapper.application; includeInIndex = 0; path = shopApp.app; sourceTree = BUILT_PRODUCTS_DIR; };
		7E1C37382C6A2CEB00E857FE /* AppDelegate.swift */ = {isa = PBXFileReference; lastKnownFileType = sourcecode.swift; path = AppDelegate.swift; sourceTree = "<group>"; };
		7E1C373A2C6A2CEB00E857FE /* SceneDelegate.swift */ = {isa = PBXFileReference; lastKnownFileType = sourcecode.swift; path = SceneDelegate.swift; sourceTree = "<group>"; };
		7E1C373C2C6A2CEB00E857FE /* HomeViewController.swift */ = {isa = PBXFileReference; lastKnownFileType = sourcecode.swift; path = HomeViewController.swift; sourceTree = "<group>"; };
		7E1C373F2C6A2CEB00E857FE /* Base */ = {isa = PBXFileReference; lastKnownFileType = file.storyboard; name = Base; path = Base.lproj/Main.storyboard; sourceTree = "<group>"; };
		7E1C37412C6A2CED00E857FE /* Assets.xcassets */ = {isa = PBXFileReference; lastKnownFileType = folder.assetcatalog; path = Assets.xcassets; sourceTree = "<group>"; };
		7E1C37442C6A2CED00E857FE /* Base */ = {isa = PBXFileReference; lastKnownFileType = file.storyboard; name = Base; path = Base.lproj/LaunchScreen.storyboard; sourceTree = "<group>"; };
		7E1C37462C6A2CED00E857FE /* Info.plist */ = {isa = PBXFileReference; lastKnownFileType = text.plist.xml; path = Info.plist; sourceTree = "<group>"; };
		7E69CC872C6CF672007317A6 /* NetworkHelper.swift */ = {isa = PBXFileReference; lastKnownFileType = sourcecode.swift; path = NetworkHelper.swift; sourceTree = "<group>"; };
		7E69CC892C6CF854007317A6 /* Product.swift */ = {isa = PBXFileReference; lastKnownFileType = sourcecode.swift; path = Product.swift; sourceTree = "<group>"; };
		7E8E357F2C6BA0D000F74C43 /* DetailViewController.swift */ = {isa = PBXFileReference; lastKnownFileType = sourcecode.swift; path = DetailViewController.swift; sourceTree = "<group>"; };
		7EA5A7582C6A320800BC7FF1 /* NetworkManager.swift */ = {isa = PBXFileReference; lastKnownFileType = sourcecode.swift; path = NetworkManager.swift; sourceTree = "<group>"; };
		7EA5A75A2C6A3B5C00BC7FF1 /* HomeViewController+TableView.swift */ = {isa = PBXFileReference; lastKnownFileType = sourcecode.swift; path = "HomeViewController+TableView.swift"; sourceTree = "<group>"; };
		7EA5A75D2C6A480300BC7FF1 /* ProductTableViewCell.swift */ = {isa = PBXFileReference; lastKnownFileType = sourcecode.swift; path = ProductTableViewCell.swift; sourceTree = "<group>"; };
/* End PBXFileReference section */

/* Begin PBXFrameworksBuildPhase section */
		7E1C37322C6A2CEB00E857FE /* Frameworks */ = {
			isa = PBXFrameworksBuildPhase;
			buildActionMask = 2147483647;
			files = (
				7E69CC842C6CEE6A007317A6 /* Alamofire in Frameworks */,
			);
			runOnlyForDeploymentPostprocessing = 0;
		};
/* End PBXFrameworksBuildPhase section */

/* Begin PBXGroup section */
		7E1C372C2C6A2CEB00E857FE = {
			isa = PBXGroup;
			children = (
				7E1C37372C6A2CEB00E857FE /* shopApp */,
				7E1C37362C6A2CEB00E857FE /* Products */,
			);
			sourceTree = "<group>";
		};
		7E1C37362C6A2CEB00E857FE /* Products */ = {
			isa = PBXGroup;
			children = (
				7E1C37352C6A2CEB00E857FE /* shopApp.app */,
			);
			name = Products;
			sourceTree = "<group>";
		};
		7E1C37372C6A2CEB00E857FE /* shopApp */ = {
			isa = PBXGroup;
			children = (
				7EA5A7512C6A301100BC7FF1 /* Core */,
				7EA5A7522C6A302000BC7FF1 /* Feature */,
				7E1C37432C6A2CED00E857FE /* LaunchScreen.storyboard */,
				7E1C37462C6A2CED00E857FE /* Info.plist */,
			);
			path = shopApp;
			sourceTree = "<group>";
		};
		7EA5A7512C6A301100BC7FF1 /* Core */ = {
			isa = PBXGroup;
			children = (
				7E1C37382C6A2CEB00E857FE /* AppDelegate.swift */,
				7E1C373A2C6A2CEB00E857FE /* SceneDelegate.swift */,
				7E1C37412C6A2CED00E857FE /* Assets.xcassets */,
			);
			path = Core;
			sourceTree = "<group>";
		};
		7EA5A7522C6A302000BC7FF1 /* Feature */ = {
			isa = PBXGroup;
			children = (
				7EA5A7572C6A309300BC7FF1 /* NetworkLayer */,
				7EA5A7562C6A307600BC7FF1 /* Extension */,
				7EA5A7552C6A306D00BC7FF1 /* Model */,
				7EA5A7542C6A306300BC7FF1 /* View */,
				7EA5A7532C6A305300BC7FF1 /* Controller */,
			);
			path = Feature;
			sourceTree = "<group>";
		};
		7EA5A7532C6A305300BC7FF1 /* Controller */ = {
			isa = PBXGroup;
			children = (
				7EA5A75C2C6A47D600BC7FF1 /* SubController */,
				7E1C373C2C6A2CEB00E857FE /* HomeViewController.swift */,
				7EA5A75A2C6A3B5C00BC7FF1 /* HomeViewController+TableView.swift */,
				7E8E357F2C6BA0D000F74C43 /* DetailViewController.swift */,
			);
			path = Controller;
			sourceTree = "<group>";
		};
		7EA5A7542C6A306300BC7FF1 /* View */ = {
			isa = PBXGroup;
			children = (
				7E1C373E2C6A2CEB00E857FE /* Main.storyboard */,
			);
			path = View;
			sourceTree = "<group>";
		};
		7EA5A7552C6A306D00BC7FF1 /* Model */ = {
			isa = PBXGroup;
			children = (
				7E69CC892C6CF854007317A6 /* Product.swift */,
			);
			path = Model;
			sourceTree = "<group>";
		};
		7EA5A7562C6A307600BC7FF1 /* Extension */ = {
			isa = PBXGroup;
			children = (
			);
			path = Extension;
			sourceTree = "<group>";
		};
		7EA5A7572C6A309300BC7FF1 /* NetworkLayer */ = {
			isa = PBXGroup;
			children = (
				7EA5A7582C6A320800BC7FF1 /* NetworkManager.swift */,
				7E69CC872C6CF672007317A6 /* NetworkHelper.swift */,
			);
			path = NetworkLayer;
			sourceTree = "<group>";
		};
		7EA5A75C2C6A47D600BC7FF1 /* SubController */ = {
			isa = PBXGroup;
			children = (
				7EA5A75D2C6A480300BC7FF1 /* ProductTableViewCell.swift */,
			);
			path = SubController;
			sourceTree = "<group>";
		};
/* End PBXGroup section */

/* Begin PBXNativeTarget section */
		7E1C37342C6A2CEB00E857FE /* shopApp */ = {
			isa = PBXNativeTarget;
			buildConfigurationList = 7E1C37492C6A2CED00E857FE /* Build configuration list for PBXNativeTarget "shopApp" */;
			buildPhases = (
				7E1C37312C6A2CEB00E857FE /* Sources */,
				7E1C37322C6A2CEB00E857FE /* Frameworks */,
				7E1C37332C6A2CEB00E857FE /* Resources */,
			);
			buildRules = (
			);
			dependencies = (
			);
			name = shopApp;
			packageProductDependencies = (
				7E69CC832C6CEE6A007317A6 /* Alamofire */,
			);
			productName = shopApp;
			productReference = 7E1C37352C6A2CEB00E857FE /* shopApp.app */;
			productType = "com.apple.product-type.application";
		};
/* End PBXNativeTarget section */

/* Begin PBXProject section */
		7E1C372D2C6A2CEB00E857FE /* Project object */ = {
			isa = PBXProject;
			attributes = {
				BuildIndependentTargetsInParallel = 1;
				LastSwiftUpdateCheck = 1540;
				LastUpgradeCheck = 1540;
				TargetAttributes = {
					7E1C37342C6A2CEB00E857FE = {
						CreatedOnToolsVersion = 15.4;
					};
				};
			};
			buildConfigurationList = 7E1C37302C6A2CEB00E857FE /* Build configuration list for PBXProject "shopApp" */;
			compatibilityVersion = "Xcode 14.0";
			developmentRegion = en;
			hasScannedForEncodings = 0;
			knownRegions = (
				en,
				Base,
			);
			mainGroup = 7E1C372C2C6A2CEB00E857FE;
			packageReferences = (
				7E69CC822C6CEE6A007317A6 /* XCRemoteSwiftPackageReference "Alamofire" */,
			);
			productRefGroup = 7E1C37362C6A2CEB00E857FE /* Products */;
			projectDirPath = "";
			projectRoot = "";
			targets = (
				7E1C37342C6A2CEB00E857FE /* shopApp */,
			);
		};
/* End PBXProject section */

/* Begin PBXResourcesBuildPhase section */
		7E1C37332C6A2CEB00E857FE /* Resources */ = {
			isa = PBXResourcesBuildPhase;
			buildActionMask = 2147483647;
			files = (
				7E1C37422C6A2CED00E857FE /* Assets.xcassets in Resources */,
				7E1C37452C6A2CED00E857FE /* Base in Resources */,
				7E1C37402C6A2CEB00E857FE /* Base in Resources */,
			);
			runOnlyForDeploymentPostprocessing = 0;
		};
/* End PBXResourcesBuildPhase section */

/* Begin PBXSourcesBuildPhase section */
		7E1C37312C6A2CEB00E857FE /* Sources */ = {
			isa = PBXSourcesBuildPhase;
			buildActionMask = 2147483647;
			files = (
				7E69CC882C6CF672007317A6 /* NetworkHelper.swift in Sources */,
				7EA5A7592C6A320800BC7FF1 /* NetworkManager.swift in Sources */,
				7E69CC8A2C6CF854007317A6 /* Product.swift in Sources */,
				7E1C373D2C6A2CEB00E857FE /* HomeViewController.swift in Sources */,
				7E1C37392C6A2CEB00E857FE /* AppDelegate.swift in Sources */,
				7EA5A75B2C6A3B5C00BC7FF1 /* HomeViewController+TableView.swift in Sources */,
				7E1C373B2C6A2CEB00E857FE /* SceneDelegate.swift in Sources */,
				7EA5A75E2C6A480300BC7FF1 /* ProductTableViewCell.swift in Sources */,
				7E8E35802C6BA0D000F74C43 /* DetailViewController.swift in Sources */,
			);
			runOnlyForDeploymentPostprocessing = 0;
		};
/* End PBXSourcesBuildPhase section */

/* Begin PBXVariantGroup section */
		7E1C373E2C6A2CEB00E857FE /* Main.storyboard */ = {
			isa = PBXVariantGroup;
			children = (
				7E1C373F2C6A2CEB00E857FE /* Base */,
			);
			name = Main.storyboard;
			sourceTree = "<group>";
		};
		7E1C37432C6A2CED00E857FE /* LaunchScreen.storyboard */ = {
			isa = PBXVariantGroup;
			children = (
				7E1C37442C6A2CED00E857FE /* Base */,
			);
			name = LaunchScreen.storyboard;
			sourceTree = "<group>";
		};
/* End PBXVariantGroup section */

/* Begin XCBuildConfiguration section */
		7E1C37472C6A2CED00E857FE /* Debug */ = {
			isa = XCBuildConfiguration;
			buildSettings = {
				ALWAYS_SEARCH_USER_PATHS = NO;
				ASSETCATALOG_COMPILER_GENERATE_SWIFT_ASSET_SYMBOL_EXTENSIONS = YES;
				CLANG_ANALYZER_NONNULL = YES;
				CLANG_ANALYZER_NUMBER_OBJECT_CONVERSION = YES_AGGRESSIVE;
				CLANG_CXX_LANGUAGE_STANDARD = "gnu++20";
				CLANG_ENABLE_MODULES = YES;
				CLANG_ENABLE_OBJC_ARC = YES;
				CLANG_ENABLE_OBJC_WEAK = YES;
				CLANG_WARN_BLOCK_CAPTURE_AUTORELEASING = YES;
				CLANG_WARN_BOOL_CONVERSION = YES;
				CLANG_WARN_COMMA = YES;
				CLANG_WARN_CONSTANT_CONVERSION = YES;
				CLANG_WARN_DEPRECATED_OBJC_IMPLEMENTATIONS = YES;
				CLANG_WARN_DIRECT_OBJC_ISA_USAGE = YES_ERROR;
				CLANG_WARN_DOCUMENTATION_COMMENTS = YES;
				CLANG_WARN_EMPTY_BODY = YES;
				CLANG_WARN_ENUM_CONVERSION = YES;
				CLANG_WARN_INFINITE_RECURSION = YES;
				CLANG_WARN_INT_CONVERSION = YES;
				CLANG_WARN_NON_LITERAL_NULL_CONVERSION = YES;
				CLANG_WARN_OBJC_IMPLICIT_RETAIN_SELF = YES;
				CLANG_WARN_OBJC_LITERAL_CONVERSION = YES;
				CLANG_WARN_OBJC_ROOT_CLASS = YES_ERROR;
				CLANG_WARN_QUOTED_INCLUDE_IN_FRAMEWORK_HEADER = YES;
				CLANG_WARN_RANGE_LOOP_ANALYSIS = YES;
				CLANG_WARN_STRICT_PROTOTYPES = YES;
				CLANG_WARN_SUSPICIOUS_MOVE = YES;
				CLANG_WARN_UNGUARDED_AVAILABILITY = YES_AGGRESSIVE;
				CLANG_WARN_UNREACHABLE_CODE = YES;
				CLANG_WARN__DUPLICATE_METHOD_MATCH = YES;
				COPY_PHASE_STRIP = NO;
				DEBUG_INFORMATION_FORMAT = dwarf;
				ENABLE_STRICT_OBJC_MSGSEND = YES;
				ENABLE_TESTABILITY = YES;
				ENABLE_USER_SCRIPT_SANDBOXING = YES;
				GCC_C_LANGUAGE_STANDARD = gnu17;
				GCC_DYNAMIC_NO_PIC = NO;
				GCC_NO_COMMON_BLOCKS = YES;
				GCC_OPTIMIZATION_LEVEL = 0;
				GCC_PREPROCESSOR_DEFINITIONS = (
					"DEBUG=1",
					"$(inherited)",
				);
				GCC_WARN_64_TO_32_BIT_CONVERSION = YES;
				GCC_WARN_ABOUT_RETURN_TYPE = YES_ERROR;
				GCC_WARN_UNDECLARED_SELECTOR = YES;
				GCC_WARN_UNINITIALIZED_AUTOS = YES_AGGRESSIVE;
				GCC_WARN_UNUSED_FUNCTION = YES;
				GCC_WARN_UNUSED_VARIABLE = YES;
				IPHONEOS_DEPLOYMENT_TARGET = 17.5;
				LOCALIZATION_PREFERS_STRING_CATALOGS = YES;
				MTL_ENABLE_DEBUG_INFO = INCLUDE_SOURCE;
				MTL_FAST_MATH = YES;
				ONLY_ACTIVE_ARCH = YES;
				SDKROOT = iphoneos;
				SWIFT_ACTIVE_COMPILATION_CONDITIONS = "DEBUG $(inherited)";
				SWIFT_OPTIMIZATION_LEVEL = "-Onone";
			};
			name = Debug;
		};
		7E1C37482C6A2CED00E857FE /* Release */ = {
			isa = XCBuildConfiguration;
			buildSettings = {
				ALWAYS_SEARCH_USER_PATHS = NO;
				ASSETCATALOG_COMPILER_GENERATE_SWIFT_ASSET_SYMBOL_EXTENSIONS = YES;
				CLANG_ANALYZER_NONNULL = YES;
				CLANG_ANALYZER_NUMBER_OBJECT_CONVERSION = YES_AGGRESSIVE;
				CLANG_CXX_LANGUAGE_STANDARD = "gnu++20";
				CLANG_ENABLE_MODULES = YES;
				CLANG_ENABLE_OBJC_ARC = YES;
				CLANG_ENABLE_OBJC_WEAK = YES;
				CLANG_WARN_BLOCK_CAPTURE_AUTORELEASING = YES;
				CLANG_WARN_BOOL_CONVERSION = YES;
				CLANG_WARN_COMMA = YES;
				CLANG_WARN_CONSTANT_CONVERSION = YES;
				CLANG_WARN_DEPRECATED_OBJC_IMPLEMENTATIONS = YES;
				CLANG_WARN_DIRECT_OBJC_ISA_USAGE = YES_ERROR;
				CLANG_WARN_DOCUMENTATION_COMMENTS = YES;
				CLANG_WARN_EMPTY_BODY = YES;
				CLANG_WARN_ENUM_CONVERSION = YES;
				CLANG_WARN_INFINITE_RECURSION = YES;
				CLANG_WARN_INT_CONVERSION = YES;
				CLANG_WARN_NON_LITERAL_NULL_CONVERSION = YES;
				CLANG_WARN_OBJC_IMPLICIT_RETAIN_SELF = YES;
				CLANG_WARN_OBJC_LITERAL_CONVERSION = YES;
				CLANG_WARN_OBJC_ROOT_CLASS = YES_ERROR;
				CLANG_WARN_QUOTED_INCLUDE_IN_FRAMEWORK_HEADER = YES;
				CLANG_WARN_RANGE_LOOP_ANALYSIS = YES;
				CLANG_WARN_STRICT_PROTOTYPES = YES;
				CLANG_WARN_SUSPICIOUS_MOVE = YES;
				CLANG_WARN_UNGUARDED_AVAILABILITY = YES_AGGRESSIVE;
				CLANG_WARN_UNREACHABLE_CODE = YES;
				CLANG_WARN__DUPLICATE_METHOD_MATCH = YES;
				COPY_PHASE_STRIP = NO;
				DEBUG_INFORMATION_FORMAT = "dwarf-with-dsym";
				ENABLE_NS_ASSERTIONS = NO;
				ENABLE_STRICT_OBJC_MSGSEND = YES;
				ENABLE_USER_SCRIPT_SANDBOXING = YES;
				GCC_C_LANGUAGE_STANDARD = gnu17;
				GCC_NO_COMMON_BLOCKS = YES;
				GCC_WARN_64_TO_32_BIT_CONVERSION = YES;
				GCC_WARN_ABOUT_RETURN_TYPE = YES_ERROR;
				GCC_WARN_UNDECLARED_SELECTOR = YES;
				GCC_WARN_UNINITIALIZED_AUTOS = YES_AGGRESSIVE;
				GCC_WARN_UNUSED_FUNCTION = YES;
				GCC_WARN_UNUSED_VARIABLE = YES;
				IPHONEOS_DEPLOYMENT_TARGET = 17.5;
				LOCALIZATION_PREFERS_STRING_CATALOGS = YES;
				MTL_ENABLE_DEBUG_INFO = NO;
				MTL_FAST_MATH = YES;
				SDKROOT = iphoneos;
				SWIFT_COMPILATION_MODE = wholemodule;
				VALIDATE_PRODUCT = YES;
			};
			name = Release;
		};
		7E1C374A2C6A2CED00E857FE /* Debug */ = {
			isa = XCBuildConfiguration;
			buildSettings = {
				ASSETCATALOG_COMPILER_APPICON_NAME = AppIcon;
				ASSETCATALOG_COMPILER_GLOBAL_ACCENT_COLOR_NAME = AccentColor;
				CODE_SIGN_STYLE = Automatic;
				CURRENT_PROJECT_VERSION = 1;
				GENERATE_INFOPLIST_FILE = YES;
				INFOPLIST_FILE = shopApp/Info.plist;
				INFOPLIST_KEY_UIApplicationSupportsIndirectInputEvents = YES;
				INFOPLIST_KEY_UILaunchStoryboardName = LaunchScreen;
				INFOPLIST_KEY_UIMainStoryboardFile = Main;
				INFOPLIST_KEY_UISupportedInterfaceOrientations_iPad = "UIInterfaceOrientationPortrait UIInterfaceOrientationPortraitUpsideDown UIInterfaceOrientationLandscapeLeft UIInterfaceOrientationLandscapeRight";
				INFOPLIST_KEY_UISupportedInterfaceOrientations_iPhone = "UIInterfaceOrientationPortrait UIInterfaceOrientationLandscapeLeft UIInterfaceOrientationLandscapeRight";
				LD_RUNPATH_SEARCH_PATHS = (
					"$(inherited)",
					"@executable_path/Frameworks",
				);
				MARKETING_VERSION = 1.0;
				PRODUCT_BUNDLE_IDENTIFIER = com.cansu.shopApp;
				PRODUCT_NAME = "$(TARGET_NAME)";
				SWIFT_EMIT_LOC_STRINGS = YES;
				SWIFT_VERSION = 5.0;
				TARGETED_DEVICE_FAMILY = "1,2";
			};
			name = Debug;
		};
		7E1C374B2C6A2CED00E857FE /* Release */ = {
			isa = XCBuildConfiguration;
			buildSettings = {
				ASSETCATALOG_COMPILER_APPICON_NAME = AppIcon;
				ASSETCATALOG_COMPILER_GLOBAL_ACCENT_COLOR_NAME = AccentColor;
				CODE_SIGN_STYLE = Automatic;
				CURRENT_PROJECT_VERSION = 1;
				GENERATE_INFOPLIST_FILE = YES;
				INFOPLIST_FILE = shopApp/Info.plist;
				INFOPLIST_KEY_UIApplicationSupportsIndirectInputEvents = YES;
				INFOPLIST_KEY_UILaunchStoryboardName = LaunchScreen;
				INFOPLIST_KEY_UIMainStoryboardFile = Main;
				INFOPLIST_KEY_UISupportedInterfaceOrientations_iPad = "UIInterfaceOrientationPortrait UIInterfaceOrientationPortraitUpsideDown UIInterfaceOrientationLandscapeLeft UIInterfaceOrientationLandscapeRight";
				INFOPLIST_KEY_UISupportedInterfaceOrientations_iPhone = "UIInterfaceOrientationPortrait UIInterfaceOrientationLandscapeLeft UIInterfaceOrientationLandscapeRight";
				LD_RUNPATH_SEARCH_PATHS = (
					"$(inherited)",
					"@executable_path/Frameworks",
				);
				MARKETING_VERSION = 1.0;
				PRODUCT_BUNDLE_IDENTIFIER = com.cansu.shopApp;
				PRODUCT_NAME = "$(TARGET_NAME)";
				SWIFT_EMIT_LOC_STRINGS = YES;
				SWIFT_VERSION = 5.0;
				TARGETED_DEVICE_FAMILY = "1,2";
			};
			name = Release;
		};
/* End XCBuildConfiguration section */

/* Begin XCConfigurationList section */
		7E1C37302C6A2CEB00E857FE /* Build configuration list for PBXProject "shopApp" */ = {
			isa = XCConfigurationList;
			buildConfigurations = (
				7E1C37472C6A2CED00E857FE /* Debug */,
				7E1C37482C6A2CED00E857FE /* Release */,
			);
			defaultConfigurationIsVisible = 0;
			defaultConfigurationName = Release;
		};
		7E1C37492C6A2CED00E857FE /* Build configuration list for PBXNativeTarget "shopApp" */ = {
			isa = XCConfigurationList;
			buildConfigurations = (
				7E1C374A2C6A2CED00E857FE /* Debug */,
				7E1C374B2C6A2CED00E857FE /* Release */,
			);
			defaultConfigurationIsVisible = 0;
			defaultConfigurationName = Release;
		};
/* End XCConfigurationList section */

/* Begin XCRemoteSwiftPackageReference section */
		7E69CC822C6CEE6A007317A6 /* XCRemoteSwiftPackageReference "Alamofire" */ = {
			isa = XCRemoteSwiftPackageReference;
			repositoryURL = "https://github.com/Alamofire/Alamofire.git";
			requirement = {
				kind = upToNextMajorVersion;
				minimumVersion = 5.9.1;
			};
		};
/* End XCRemoteSwiftPackageReference section */

/* Begin XCSwiftPackageProductDependency section */
		7E69CC832C6CEE6A007317A6 /* Alamofire */ = {
			isa = XCSwiftPackageProductDependency;
			package = 7E69CC822C6CEE6A007317A6 /* XCRemoteSwiftPackageReference "Alamofire" */;
			productName = Alamofire;
		};
/* End XCSwiftPackageProductDependency section */
	};
	rootObject = 7E1C372D2C6A2CEB00E857FE /* Project object */;
}
